
Microsoft Visual Studio Solution File, Format Version 12.00
# Visual Studio Version 17
VisualStudioVersion = 17.9.34728.123
MinimumVisualStudioVersion = 10.0.40219.1
Project("{FAE04EC0-301F-11D3-BF4B-00C04F79EFBC}") = "transaccion", "transaccion\transaccion.csproj", "{953B6C98-EFB3-453F-B662-15D6DE620F4E}"
EndProject
Global
	GlobalSection(SolutionConfigurationPlatforms) = preSolution
		Debug|Any CPU = Debug|Any CPU
		Release|Any CPU = Release|Any CPU
	EndGlobalSection
	GlobalSection(ProjectConfigurationPlatforms) = postSolution
		{953B6C98-EFB3-453F-B662-15D6DE620F4E}.Debug|Any CPU.ActiveCfg = Debug|Any CPU
		{953B6C98-EFB3-453F-B662-15D6DE620F4E}.Debug|Any CPU.Build.0 = Debug|Any CPU
		{953B6C98-EFB3-453F-B662-15D6DE620F4E}.Release|Any CPU.ActiveCfg = Release|Any CPU
		{953B6C98-EFB3-453F-B662-15D6DE620F4E}.Release|Any CPU.Build.0 = Release|Any CPU
	EndGlobalSection
	GlobalSection(SolutionProperties) = preSolution
		HideSolutionNode = FALSE
	EndGlobalSection
	GlobalSection(ExtensibilityGlobals) = postSolution
		SolutionGuid = {01997830-A249-433D-89AA-33D5C324577F}
	EndGlobalSection
EndGlobal
